
Microsoft Visual Studio Solution File, Format Version 12.00
# Visual Studio Version 17
VisualStudioVersion = 17.7.34031.279
MinimumVisualStudioVersion = 10.0.40219.1
Project("{9A19103F-16F7-4668-BE54-9A1E7A4F7556}") = "LabLibrary", "LabLibrary\LabLibrary.csproj", "{B54A80A3-BE5E-4EA9-96D3-85A02030AB27}"
EndProject
Project("{9A19103F-16F7-4668-BE54-9A1E7A4F7556}") = "Demonstration", "Demonstration\Demonstration.csproj", "{C0FB348A-DE4C-410A-B99B-8291F1AE4DCD}"
EndProject
Project("{FAE04EC0-301F-11D3-BF4B-00C04F79EFBC}") = "DisciplineFrom9Lab", "DisciplineFrom9Lab\DisciplineFrom9Lab.csproj", "{03CC4ECB-12D3-4E8E-AA74-C3617FB9A239}"
EndProject
Project("{FAE04EC0-301F-11D3-BF4B-00C04F79EFBC}") = "Tests", "Tests\Tests.csproj", "{D2F7FBAC-1875-4542-9FF5-C30C39D700F0}"
EndProject
Global
	GlobalSection(SolutionConfigurationPlatforms) = preSolution
		Debug|Any CPU = Debug|Any CPU
		Release|Any CPU = Release|Any CPU
	EndGlobalSection
	GlobalSection(ProjectConfigurationPlatforms) = postSolution
		{B54A80A3-BE5E-4EA9-96D3-85A02030AB27}.Debug|Any CPU.ActiveCfg = Debug|Any CPU
		{B54A80A3-BE5E-4EA9-96D3-85A02030AB27}.Debug|Any CPU.Build.0 = Debug|Any CPU
		{B54A80A3-BE5E-4EA9-96D3-85A02030AB27}.Release|Any CPU.ActiveCfg = Release|Any CPU
		{B54A80A3-BE5E-4EA9-96D3-85A02030AB27}.Release|Any CPU.Build.0 = Release|Any CPU
		{C0FB348A-DE4C-410A-B99B-8291F1AE4DCD}.Debug|Any CPU.ActiveCfg = Debug|Any CPU
		{C0FB348A-DE4C-410A-B99B-8291F1AE4DCD}.Debug|Any CPU.Build.0 = Debug|Any CPU
		{C0FB348A-DE4C-410A-B99B-8291F1AE4DCD}.Release|Any CPU.ActiveCfg = Release|Any CPU
		{C0FB348A-DE4C-410A-B99B-8291F1AE4DCD}.Release|Any CPU.Build.0 = Release|Any CPU
		{03CC4ECB-12D3-4E8E-AA74-C3617FB9A239}.Debug|Any CPU.ActiveCfg = Debug|Any CPU
		{03CC4ECB-12D3-4E8E-AA74-C3617FB9A239}.Debug|Any CPU.Build.0 = Debug|Any CPU
		{03CC4ECB-12D3-4E8E-AA74-C3617FB9A239}.Release|Any CPU.ActiveCfg = Release|Any CPU
		{03CC4ECB-12D3-4E8E-AA74-C3617FB9A239}.Release|Any CPU.Build.0 = Release|Any CPU
		{D2F7FBAC-1875-4542-9FF5-C30C39D700F0}.Debug|Any CPU.ActiveCfg = Debug|Any CPU
		{D2F7FBAC-1875-4542-9FF5-C30C39D700F0}.Debug|Any CPU.Build.0 = Debug|Any CPU
		{D2F7FBAC-1875-4542-9FF5-C30C39D700F0}.Release|Any CPU.ActiveCfg = Release|Any CPU
		{D2F7FBAC-1875-4542-9FF5-C30C39D700F0}.Release|Any CPU.Build.0 = Release|Any CPU
	EndGlobalSection
	GlobalSection(SolutionProperties) = preSolution
		HideSolutionNode = FALSE
	EndGlobalSection
	GlobalSection(ExtensibilityGlobals) = postSolution
		SolutionGuid = {9D8C64F8-7CE4-4613-B7A5-7E07B808F3B4}
	EndGlobalSection
EndGlobal
